// !$*UTF8*$!
{
	archiveVersion = 1;
	classes = {
	};
	objectVersion = 46;
	objects = {

/* Begin PBXBuildFile section */
		15C268D21AC1C92100DE8D24 /* WylseModel.xcdatamodeld in Sources */ = {isa = PBXBuildFile; fileRef = 57FCBA481ABD7F3E00881EB8 /* WylseModel.xcdatamodeld */; };
		15C268D31AC1CA4500DE8D24 /* Main.storyboard in Resources */ = {isa = PBXBuildFile; fileRef = 57CEA9FC1ABD61EF00CBA285 /* Main.storyboard */; };
		15C268D41AC1CA4500DE8D24 /* LaunchScreen.xib in Resources */ = {isa = PBXBuildFile; fileRef = 57CEAA011ABD61EF00CBA285 /* LaunchScreen.xib */; };
		15F6C9491AC137940061712A /* DataHelper.swift in Sources */ = {isa = PBXBuildFile; fileRef = 15F6C9481AC137940061712A /* DataHelper.swift */; };
		57CEA9F91ABD61EF00CBA285 /* AppDelegate.swift in Sources */ = {isa = PBXBuildFile; fileRef = 57CEA9F81ABD61EF00CBA285 /* AppDelegate.swift */; };
		57CEA9FB1ABD61EF00CBA285 /* ViewController.swift in Sources */ = {isa = PBXBuildFile; fileRef = 57CEA9FA1ABD61EF00CBA285 /* ViewController.swift */; };
		57CEAA001ABD61EF00CBA285 /* Images.xcassets in Resources */ = {isa = PBXBuildFile; fileRef = 57CEA9FF1ABD61EF00CBA285 /* Images.xcassets */; };
		57CEAA0F1ABD61EF00CBA285 /* wylseTests.swift in Sources */ = {isa = PBXBuildFile; fileRef = 57CEAA0E1ABD61EF00CBA285 /* wylseTests.swift */; };
		57F16AF41AD909CA0021E6B3 /* Food.swift in Sources */ = {isa = PBXBuildFile; fileRef = 57F16AF21AD909CA0021E6B3 /* Food.swift */; };
		57F16AF51AD909CA0021E6B3 /* Tag.swift in Sources */ = {isa = PBXBuildFile; fileRef = 57F16AF31AD909CA0021E6B3 /* Tag.swift */; };
		57F16AF91AD909F00021E6B3 /* Food_Temp.swift in Sources */ = {isa = PBXBuildFile; fileRef = 57F16AF71AD909F00021E6B3 /* Food_Temp.swift */; };
		57F16AFA1AD909F00021E6B3 /* Tag_Temp.swift in Sources */ = {isa = PBXBuildFile; fileRef = 57F16AF81AD909F00021E6B3 /* Tag_Temp.swift */; };
		57FCBA521ABD894B00881EB8 /* FoodViewController.swift in Sources */ = {isa = PBXBuildFile; fileRef = 57FCBA511ABD894B00881EB8 /* FoodViewController.swift */; };
		57FCBA541ABD8BD800881EB8 /* TagViewController.swift in Sources */ = {isa = PBXBuildFile; fileRef = 57FCBA531ABD8BD800881EB8 /* TagViewController.swift */; };
/* End PBXBuildFile section */

/* Begin PBXContainerItemProxy section */
		57CEAA091ABD61EF00CBA285 /* PBXContainerItemProxy */ = {
			isa = PBXContainerItemProxy;
			containerPortal = 57CEA9EB1ABD61EF00CBA285 /* Project object */;
			proxyType = 1;
			remoteGlobalIDString = 57CEA9F21ABD61EF00CBA285;
			remoteInfo = wylse;
		};
/* End PBXContainerItemProxy section */

/* Begin PBXFileReference section */
		15D8CBC61AC1B4BA00773715 /* CoreData.framework */ = {isa = PBXFileReference; lastKnownFileType = wrapper.framework; name = CoreData.framework; path = System/Library/Frameworks/CoreData.framework; sourceTree = SDKROOT; };
		15F6C9481AC137940061712A /* DataHelper.swift */ = {isa = PBXFileReference; fileEncoding = 4; lastKnownFileType = sourcecode.swift; path = DataHelper.swift; sourceTree = "<group>"; };
		57CEA9F31ABD61EF00CBA285 /* wylse.app */ = {isa = PBXFileReference; explicitFileType = wrapper.application; includeInIndex = 0; path = wylse.app; sourceTree = BUILT_PRODUCTS_DIR; };
		57CEA9F71ABD61EF00CBA285 /* Info.plist */ = {isa = PBXFileReference; lastKnownFileType = text.plist.xml; path = Info.plist; sourceTree = "<group>"; };
		57CEA9F81ABD61EF00CBA285 /* AppDelegate.swift */ = {isa = PBXFileReference; lastKnownFileType = sourcecode.swift; path = AppDelegate.swift; sourceTree = "<group>"; };
		57CEA9FA1ABD61EF00CBA285 /* ViewController.swift */ = {isa = PBXFileReference; lastKnownFileType = sourcecode.swift; path = ViewController.swift; sourceTree = "<group>"; };
		57CEA9FD1ABD61EF00CBA285 /* Base */ = {isa = PBXFileReference; lastKnownFileType = file.storyboard; name = Base; path = Base.lproj/Main.storyboard; sourceTree = "<group>"; };
		57CEA9FF1ABD61EF00CBA285 /* Images.xcassets */ = {isa = PBXFileReference; lastKnownFileType = folder.assetcatalog; path = Images.xcassets; sourceTree = "<group>"; };
		57CEAA021ABD61EF00CBA285 /* Base */ = {isa = PBXFileReference; lastKnownFileType = file.xib; name = Base; path = Base.lproj/LaunchScreen.xib; sourceTree = "<group>"; };
		57CEAA081ABD61EF00CBA285 /* wylseTests.xctest */ = {isa = PBXFileReference; explicitFileType = wrapper.cfbundle; includeInIndex = 0; path = wylseTests.xctest; sourceTree = BUILT_PRODUCTS_DIR; };
		57CEAA0D1ABD61EF00CBA285 /* Info.plist */ = {isa = PBXFileReference; lastKnownFileType = text.plist.xml; path = Info.plist; sourceTree = "<group>"; };
		57CEAA0E1ABD61EF00CBA285 /* wylseTests.swift */ = {isa = PBXFileReference; lastKnownFileType = sourcecode.swift; path = wylseTests.swift; sourceTree = "<group>"; };
		57F16AF21AD909CA0021E6B3 /* Food.swift */ = {isa = PBXFileReference; fileEncoding = 4; lastKnownFileType = sourcecode.swift; path = Food.swift; sourceTree = "<group>"; };
		57F16AF31AD909CA0021E6B3 /* Tag.swift */ = {isa = PBXFileReference; fileEncoding = 4; lastKnownFileType = sourcecode.swift; path = Tag.swift; sourceTree = "<group>"; };
		57F16AF71AD909F00021E6B3 /* Food_Temp.swift */ = {isa = PBXFileReference; fileEncoding = 4; lastKnownFileType = sourcecode.swift; path = Food_Temp.swift; sourceTree = "<group>"; };
		57F16AF81AD909F00021E6B3 /* Tag_Temp.swift */ = {isa = PBXFileReference; fileEncoding = 4; lastKnownFileType = sourcecode.swift; path = Tag_Temp.swift; sourceTree = "<group>"; };
		57FCBA491ABD7F3E00881EB8 /* WylseModel.xcdatamodel */ = {isa = PBXFileReference; lastKnownFileType = wrapper.xcdatamodel; path = WylseModel.xcdatamodel; sourceTree = "<group>"; };
		57FCBA511ABD894B00881EB8 /* FoodViewController.swift */ = {isa = PBXFileReference; fileEncoding = 4; lastKnownFileType = sourcecode.swift; path = FoodViewController.swift; sourceTree = "<group>"; };
		57FCBA531ABD8BD800881EB8 /* TagViewController.swift */ = {isa = PBXFileReference; fileEncoding = 4; lastKnownFileType = sourcecode.swift; path = TagViewController.swift; sourceTree = "<group>"; };
/* End PBXFileReference section */

/* Begin PBXFrameworksBuildPhase section */
		57CEA9F01ABD61EF00CBA285 /* Frameworks */ = {
			isa = PBXFrameworksBuildPhase;
			buildActionMask = 2147483647;
			files = (
			);
			runOnlyForDeploymentPostprocessing = 0;
		};
		57CEAA051ABD61EF00CBA285 /* Frameworks */ = {
			isa = PBXFrameworksBuildPhase;
			buildActionMask = 2147483647;
			files = (
			);
			runOnlyForDeploymentPostprocessing = 0;
		};
/* End PBXFrameworksBuildPhase section */

/* Begin PBXGroup section */
		57CEA9EA1ABD61EF00CBA285 = {
			isa = PBXGroup;
			children = (
				15D8CBC61AC1B4BA00773715 /* CoreData.framework */,
				57CEA9F51ABD61EF00CBA285 /* wylse */,
				57CEAA0B1ABD61EF00CBA285 /* wylseTests */,
				57CEA9F41ABD61EF00CBA285 /* Products */,
			);
			sourceTree = "<group>";
		};
		57CEA9F41ABD61EF00CBA285 /* Products */ = {
			isa = PBXGroup;
			children = (
				57CEA9F31ABD61EF00CBA285 /* wylse.app */,
				57CEAA081ABD61EF00CBA285 /* wylseTests.xctest */,
			);
			name = Products;
			sourceTree = "<group>";
		};
		57CEA9F51ABD61EF00CBA285 /* wylse */ = {
			isa = PBXGroup;
			children = (
				57CEA9FC1ABD61EF00CBA285 /* Main.storyboard */,
				57CEAA011ABD61EF00CBA285 /* LaunchScreen.xib */,
				57CEAA1A1ABD7CEF00CBA285 /* view */,
				57CEAA191ABD7CE800CBA285 /* controller */,
				57CEAA181ABD7CD000CBA285 /* model */,
				57CEA9F81ABD61EF00CBA285 /* AppDelegate.swift */,
				57CEA9FF1ABD61EF00CBA285 /* Images.xcassets */,
				57CEA9F61ABD61EF00CBA285 /* Supporting Files */,
			);
			path = wylse;
			sourceTree = "<group>";
		};
		57CEA9F61ABD61EF00CBA285 /* Supporting Files */ = {
			isa = PBXGroup;
			children = (
				57CEA9F71ABD61EF00CBA285 /* Info.plist */,
			);
			name = "Supporting Files";
			sourceTree = "<group>";
		};
		57CEAA0B1ABD61EF00CBA285 /* wylseTests */ = {
			isa = PBXGroup;
			children = (
				57CEAA0E1ABD61EF00CBA285 /* wylseTests.swift */,
				57CEAA0C1ABD61EF00CBA285 /* Supporting Files */,
			);
			path = wylseTests;
			sourceTree = "<group>";
		};
		57CEAA0C1ABD61EF00CBA285 /* Supporting Files */ = {
			isa = PBXGroup;
			children = (
				57CEAA0D1ABD61EF00CBA285 /* Info.plist */,
			);
			name = "Supporting Files";
			sourceTree = "<group>";
		};
		57CEAA181ABD7CD000CBA285 /* model */ = {
			isa = PBXGroup;
			children = (
				57F16AF61AD909CE0021E6B3 /* Temporary */,
				57F16AF21AD909CA0021E6B3 /* Food.swift */,
				57F16AF31AD909CA0021E6B3 /* Tag.swift */,
				57FCBA481ABD7F3E00881EB8 /* WylseModel.xcdatamodeld */,
			);
			name = model;
			sourceTree = "<group>";
		};
		57CEAA191ABD7CE800CBA285 /* controller */ = {
			isa = PBXGroup;
			children = (
				15F6C9481AC137940061712A /* DataHelper.swift */,
				57CEA9FA1ABD61EF00CBA285 /* ViewController.swift */,
				57FCBA511ABD894B00881EB8 /* FoodViewController.swift */,
				57FCBA531ABD8BD800881EB8 /* TagViewController.swift */,
			);
			name = controller;
			sourceTree = "<group>";
		};
		57CEAA1A1ABD7CEF00CBA285 /* view */ = {
			isa = PBXGroup;
			children = (
			);
			name = view;
			sourceTree = "<group>";
		};
		57F16AF61AD909CE0021E6B3 /* Temporary */ = {
			isa = PBXGroup;
			children = (
				57F16AF71AD909F00021E6B3 /* Food_Temp.swift */,
				57F16AF81AD909F00021E6B3 /* Tag_Temp.swift */,
			);
			name = Temporary;
			sourceTree = "<group>";
		};
/* End PBXGroup section */

/* Begin PBXNativeTarget section */
		57CEA9F21ABD61EF00CBA285 /* wylse */ = {
			isa = PBXNativeTarget;
			buildConfigurationList = 57CEAA121ABD61EF00CBA285 /* Build configuration list for PBXNativeTarget "wylse" */;
			buildPhases = (
				57CEA9EF1ABD61EF00CBA285 /* Sources */,
				57CEA9F01ABD61EF00CBA285 /* Frameworks */,
				57CEA9F11ABD61EF00CBA285 /* Resources */,
			);
			buildRules = (
			);
			dependencies = (
			);
			name = wylse;
			productName = wylse;
			productReference = 57CEA9F31ABD61EF00CBA285 /* wylse.app */;
			productType = "com.apple.product-type.application";
		};
		57CEAA071ABD61EF00CBA285 /* wylseTests */ = {
			isa = PBXNativeTarget;
			buildConfigurationList = 57CEAA151ABD61EF00CBA285 /* Build configuration list for PBXNativeTarget "wylseTests" */;
			buildPhases = (
				57CEAA041ABD61EF00CBA285 /* Sources */,
				57CEAA051ABD61EF00CBA285 /* Frameworks */,
				57CEAA061ABD61EF00CBA285 /* Resources */,
			);
			buildRules = (
			);
			dependencies = (
				57CEAA0A1ABD61EF00CBA285 /* PBXTargetDependency */,
			);
			name = wylseTests;
			productName = wylseTests;
			productReference = 57CEAA081ABD61EF00CBA285 /* wylseTests.xctest */;
			productType = "com.apple.product-type.bundle.unit-test";
		};
/* End PBXNativeTarget section */

/* Begin PBXProject section */
		57CEA9EB1ABD61EF00CBA285 /* Project object */ = {
			isa = PBXProject;
			attributes = {
				LastUpgradeCheck = 0630;
				ORGANIZATIONNAME = weirdmeetup;
				TargetAttributes = {
					57CEA9F21ABD61EF00CBA285 = {
						CreatedOnToolsVersion = 6.3;
					};
					57CEAA071ABD61EF00CBA285 = {
						CreatedOnToolsVersion = 6.3;
						TestTargetID = 57CEA9F21ABD61EF00CBA285;
					};
				};
			};
			buildConfigurationList = 57CEA9EE1ABD61EF00CBA285 /* Build configuration list for PBXProject "wylse" */;
			compatibilityVersion = "Xcode 3.2";
			developmentRegion = English;
			hasScannedForEncodings = 0;
			knownRegions = (
				en,
				Base,
			);
			mainGroup = 57CEA9EA1ABD61EF00CBA285;
			productRefGroup = 57CEA9F41ABD61EF00CBA285 /* Products */;
			projectDirPath = "";
			projectRoot = "";
			targets = (
				57CEA9F21ABD61EF00CBA285 /* wylse */,
				57CEAA071ABD61EF00CBA285 /* wylseTests */,
			);
		};
/* End PBXProject section */

/* Begin PBXResourcesBuildPhase section */
		57CEA9F11ABD61EF00CBA285 /* Resources */ = {
			isa = PBXResourcesBuildPhase;
			buildActionMask = 2147483647;
			files = (
				15C268D31AC1CA4500DE8D24 /* Main.storyboard in Resources */,
				15C268D41AC1CA4500DE8D24 /* LaunchScreen.xib in Resources */,
				57CEAA001ABD61EF00CBA285 /* Images.xcassets in Resources */,
			);
			runOnlyForDeploymentPostprocessing = 0;
		};
		57CEAA061ABD61EF00CBA285 /* Resources */ = {
			isa = PBXResourcesBuildPhase;
			buildActionMask = 2147483647;
			files = (
			);
			runOnlyForDeploymentPostprocessing = 0;
		};
/* End PBXResourcesBuildPhase section */

/* Begin PBXSourcesBuildPhase section */
		57CEA9EF1ABD61EF00CBA285 /* Sources */ = {
			isa = PBXSourcesBuildPhase;
			buildActionMask = 2147483647;
			files = (
				57F16AF51AD909CA0021E6B3 /* Tag.swift in Sources */,
				57F16AF41AD909CA0021E6B3 /* Food.swift in Sources */,
				15C268D21AC1C92100DE8D24 /* WylseModel.xcdatamodeld in Sources */,
				57CEA9FB1ABD61EF00CBA285 /* ViewController.swift in Sources */,
				57F16AF91AD909F00021E6B3 /* Food_Temp.swift in Sources */,
				57CEA9F91ABD61EF00CBA285 /* AppDelegate.swift in Sources */,
				57F16AFA1AD909F00021E6B3 /* Tag_Temp.swift in Sources */,
				57FCBA521ABD894B00881EB8 /* FoodViewController.swift in Sources */,
				15F6C9491AC137940061712A /* DataHelper.swift in Sources */,
				57FCBA541ABD8BD800881EB8 /* TagViewController.swift in Sources */,
			);
			runOnlyForDeploymentPostprocessing = 0;
		};
		57CEAA041ABD61EF00CBA285 /* Sources */ = {
			isa = PBXSourcesBuildPhase;
			buildActionMask = 2147483647;
			files = (
				57CEAA0F1ABD61EF00CBA285 /* wylseTests.swift in Sources */,
			);
			runOnlyForDeploymentPostprocessing = 0;
		};
/* End PBXSourcesBuildPhase section */

/* Begin PBXTargetDependency section */
		57CEAA0A1ABD61EF00CBA285 /* PBXTargetDependency */ = {
			isa = PBXTargetDependency;
			target = 57CEA9F21ABD61EF00CBA285 /* wylse */;
			targetProxy = 57CEAA091ABD61EF00CBA285 /* PBXContainerItemProxy */;
		};
/* End PBXTargetDependency section */

/* Begin PBXVariantGroup section */
		57CEA9FC1ABD61EF00CBA285 /* Main.storyboard */ = {
			isa = PBXVariantGroup;
			children = (
				57CEA9FD1ABD61EF00CBA285 /* Base */,
			);
			name = Main.storyboard;
			sourceTree = "<group>";
		};
		57CEAA011ABD61EF00CBA285 /* LaunchScreen.xib */ = {
			isa = PBXVariantGroup;
			children = (
				57CEAA021ABD61EF00CBA285 /* Base */,
			);
			name = LaunchScreen.xib;
			sourceTree = "<group>";
		};
/* End PBXVariantGroup section */

/* Begin XCBuildConfiguration section */
		57CEAA101ABD61EF00CBA285 /* Debug */ = {
			isa = XCBuildConfiguration;
			buildSettings = {
				ALWAYS_SEARCH_USER_PATHS = NO;
				CLANG_CXX_LANGUAGE_STANDARD = "gnu++0x";
				CLANG_CXX_LIBRARY = "libc++";
				CLANG_ENABLE_MODULES = YES;
				CLANG_ENABLE_OBJC_ARC = YES;
				CLANG_WARN_BOOL_CONVERSION = YES;
				CLANG_WARN_CONSTANT_CONVERSION = YES;
				CLANG_WARN_DIRECT_OBJC_ISA_USAGE = YES_ERROR;
				CLANG_WARN_EMPTY_BODY = YES;
				CLANG_WARN_ENUM_CONVERSION = YES;
				CLANG_WARN_INT_CONVERSION = YES;
				CLANG_WARN_OBJC_ROOT_CLASS = YES_ERROR;
				CLANG_WARN_UNREACHABLE_CODE = YES;
				CLANG_WARN__DUPLICATE_METHOD_MATCH = YES;
				"CODE_SIGN_IDENTITY[sdk=iphoneos*]" = "iPhone Developer";
				COPY_PHASE_STRIP = NO;
				DEBUG_INFORMATION_FORMAT = dwarf;
				ENABLE_STRICT_OBJC_MSGSEND = YES;
				GCC_C_LANGUAGE_STANDARD = gnu99;
				GCC_DYNAMIC_NO_PIC = NO;
				GCC_NO_COMMON_BLOCKS = YES;
				GCC_OPTIMIZATION_LEVEL = 0;
				GCC_PREPROCESSOR_DEFINITIONS = (
					"DEBUG=1",
					"$(inherited)",
				);
				GCC_SYMBOLS_PRIVATE_EXTERN = NO;
				GCC_WARN_64_TO_32_BIT_CONVERSION = YES;
				GCC_WARN_ABOUT_RETURN_TYPE = YES_ERROR;
				GCC_WARN_UNDECLARED_SELECTOR = YES;
				GCC_WARN_UNINITIALIZED_AUTOS = YES_AGGRESSIVE;
				GCC_WARN_UNUSED_FUNCTION = YES;
				GCC_WARN_UNUSED_VARIABLE = YES;
				IPHONEOS_DEPLOYMENT_TARGET = 8.3;
				MTL_ENABLE_DEBUG_INFO = YES;
				ONLY_ACTIVE_ARCH = YES;
				SDKROOT = iphoneos;
				SWIFT_OPTIMIZATION_LEVEL = "-Onone";
				TARGETED_DEVICE_FAMILY = "1,2";
			};
			name = Debug;
		};
		57CEAA111ABD61EF00CBA285 /* Release */ = {
			isa = XCBuildConfiguration;
			buildSettings = {
				ALWAYS_SEARCH_USER_PATHS = NO;
				CLANG_CXX_LANGUAGE_STANDARD = "gnu++0x";
				CLANG_CXX_LIBRARY = "libc++";
				CLANG_ENABLE_MODULES = YES;
				CLANG_ENABLE_OBJC_ARC = YES;
				CLANG_WARN_BOOL_CONVERSION = YES;
				CLANG_WARN_CONSTANT_CONVERSION = YES;
				CLANG_WARN_DIRECT_OBJC_ISA_USAGE = YES_ERROR;
				CLANG_WARN_EMPTY_BODY = YES;
				CLANG_WARN_ENUM_CONVERSION = YES;
				CLANG_WARN_INT_CONVERSION = YES;
				CLANG_WARN_OBJC_ROOT_CLASS = YES_ERROR;
				CLANG_WARN_UNREACHABLE_CODE = YES;
				CLANG_WARN__DUPLICATE_METHOD_MATCH = YES;
				"CODE_SIGN_IDENTITY[sdk=iphoneos*]" = "iPhone Developer";
				COPY_PHASE_STRIP = NO;
				DEBUG_INFORMATION_FORMAT = "dwarf-with-dsym";
				ENABLE_NS_ASSERTIONS = NO;
				ENABLE_STRICT_OBJC_MSGSEND = YES;
				GCC_C_LANGUAGE_STANDARD = gnu99;
				GCC_NO_COMMON_BLOCKS = YES;
				GCC_WARN_64_TO_32_BIT_CONVERSION = YES;
				GCC_WARN_ABOUT_RETURN_TYPE = YES_ERROR;
				GCC_WARN_UNDECLARED_SELECTOR = YES;
				GCC_WARN_UNINITIALIZED_AUTOS = YES_AGGRESSIVE;
				GCC_WARN_UNUSED_FUNCTION = YES;
				GCC_WARN_UNUSED_VARIABLE = YES;
				IPHONEOS_DEPLOYMENT_TARGET = 8.3;
				MTL_ENABLE_DEBUG_INFO = NO;
				SDKROOT = iphoneos;
				TARGETED_DEVICE_FAMILY = "1,2";
				VALIDATE_PRODUCT = YES;
			};
			name = Release;
		};
		57CEAA131ABD61EF00CBA285 /* Debug */ = {
			isa = XCBuildConfiguration;
			buildSettings = {
				ASSETCATALOG_COMPILER_APPICON_NAME = AppIcon;
				CLANG_ENABLE_MODULES = YES;
				INFOPLIST_FILE = wylse/Info.plist;
				IPHONEOS_DEPLOYMENT_TARGET = 8.3;
				LD_RUNPATH_SEARCH_PATHS = "$(inherited) @executable_path/Frameworks";
				PRODUCT_NAME = "$(TARGET_NAME)";
				SWIFT_OPTIMIZATION_LEVEL = "-Onone";
			};
			name = Debug;
		};
		57CEAA141ABD61EF00CBA285 /* Release */ = {
			isa = XCBuildConfiguration;
			buildSettings = {
				ASSETCATALOG_COMPILER_APPICON_NAME = AppIcon;
				CLANG_ENABLE_MODULES = YES;
				INFOPLIST_FILE = wylse/Info.plist;
				IPHONEOS_DEPLOYMENT_TARGET = 8.3;
				LD_RUNPATH_SEARCH_PATHS = "$(inherited) @executable_path/Frameworks";
				PRODUCT_NAME = "$(TARGET_NAME)";
			};
			name = Release;
		};
		57CEAA161ABD61EF00CBA285 /* Debug */ = {
			isa = XCBuildConfiguration;
			buildSettings = {
				BUNDLE_LOADER = "$(TEST_HOST)";
				FRAMEWORK_SEARCH_PATHS = (
					"$(SDKROOT)/Developer/Library/Frameworks",
					"$(inherited)",
				);
				GCC_PREPROCESSOR_DEFINITIONS = (
					"DEBUG=1",
					"$(inherited)",
				);
				INFOPLIST_FILE = wylseTests/Info.plist;
				LD_RUNPATH_SEARCH_PATHS = "$(inherited) @executable_path/Frameworks @loader_path/Frameworks";
				PRODUCT_NAME = "$(TARGET_NAME)";
				TEST_HOST = "$(BUILT_PRODUCTS_DIR)/wylse.app/wylse";
			};
			name = Debug;
		};
		57CEAA171ABD61EF00CBA285 /* Release */ = {
			isa = XCBuildConfiguration;
			buildSettings = {
				BUNDLE_LOADER = "$(TEST_HOST)";
				FRAMEWORK_SEARCH_PATHS = (
					"$(SDKROOT)/Developer/Library/Frameworks",
					"$(inherited)",
				);
				INFOPLIST_FILE = wylseTests/Info.plist;
				LD_RUNPATH_SEARCH_PATHS = "$(inherited) @executable_path/Frameworks @loader_path/Frameworks";
				PRODUCT_NAME = "$(TARGET_NAME)";
				TEST_HOST = "$(BUILT_PRODUCTS_DIR)/wylse.app/wylse";
			};
			name = Release;
		};
/* End XCBuildConfiguration section */

/* Begin XCConfigurationList section */
		57CEA9EE1ABD61EF00CBA285 /* Build configuration list for PBXProject "wylse" */ = {
			isa = XCConfigurationList;
			buildConfigurations = (
				57CEAA101ABD61EF00CBA285 /* Debug */,
				57CEAA111ABD61EF00CBA285 /* Release */,
			);
			defaultConfigurationIsVisible = 0;
			defaultConfigurationName = Release;
		};
		57CEAA121ABD61EF00CBA285 /* Build configuration list for PBXNativeTarget "wylse" */ = {
			isa = XCConfigurationList;
			buildConfigurations = (
				57CEAA131ABD61EF00CBA285 /* Debug */,
				57CEAA141ABD61EF00CBA285 /* Release */,
			);
			defaultConfigurationIsVisible = 0;
			defaultConfigurationName = Release;
		};
		57CEAA151ABD61EF00CBA285 /* Build configuration list for PBXNativeTarget "wylseTests" */ = {
			isa = XCConfigurationList;
			buildConfigurations = (
				57CEAA161ABD61EF00CBA285 /* Debug */,
				57CEAA171ABD61EF00CBA285 /* Release */,
			);
			defaultConfigurationIsVisible = 0;
			defaultConfigurationName = Release;
		};
/* End XCConfigurationList section */

/* Begin XCVersionGroup section */
		57FCBA481ABD7F3E00881EB8 /* WylseModel.xcdatamodeld */ = {
			isa = XCVersionGroup;
			children = (
				57FCBA491ABD7F3E00881EB8 /* WylseModel.xcdatamodel */,
			);
			currentVersion = 57FCBA491ABD7F3E00881EB8 /* WylseModel.xcdatamodel */;
			path = WylseModel.xcdatamodeld;
			sourceTree = "<group>";
			versionGroupType = wrapper.xcdatamodel;
		};
/* End XCVersionGroup section */
	};
	rootObject = 57CEA9EB1ABD61EF00CBA285 /* Project object */;
}
